PODS:
  - UberSignature (1.0.3):
    - UberSignature/Swift (= 1.0.3)
  - UberSignature/Swift (1.0.3)

DEPENDENCIES:
  - UberSignature (from `../..`)

EXTERNAL SOURCES:
  UberSignature:
    :path: "../.."

SPEC CHECKSUMS:
  UberSignature: 2322c4b522cedf34c5caf4ba55b6901560bf6462

PODFILE CHECKSUM: 7388a8243ca04757a0a457f55ee962d1da56d0bd

COCOAPODS: 1.10.1
